
Microsoft Visual Studio Solution File, Format Version 12.00
# Visual Studio Version 17
VisualStudioVersion = 17.8.34330.188
MinimumVisualStudioVersion = 10.0.40219.1
Project("{FAE04EC0-301F-11D3-BF4B-00C04F79EFBC}") = "Exercise14", "Exercise14.csproj", "{FD85B8DB-4563-40D6-AECE-9A628D4E62B9}"
EndProject
Global
	GlobalSection(SolutionConfigurationPlatforms) = preSolution
		Debug|Any CPU = Debug|Any CPU
		Release|Any CPU = Release|Any CPU
	EndGlobalSection
	GlobalSection(ProjectConfigurationPlatforms) = postSolution
		{FD85B8DB-4563-40D6-AECE-9A628D4E62B9}.Debug|Any CPU.ActiveCfg = Debug|Any CPU
		{FD85B8DB-4563-40D6-AECE-9A628D4E62B9}.Debug|Any CPU.Build.0 = Debug|Any CPU
		{FD85B8DB-4563-40D6-AECE-9A628D4E62B9}.Release|Any CPU.ActiveCfg = Release|Any CPU
		{FD85B8DB-4563-40D6-AECE-9A628D4E62B9}.Release|Any CPU.Build.0 = Release|Any CPU
	EndGlobalSection
	GlobalSection(SolutionProperties) = preSolution
		HideSolutionNode = FALSE
	EndGlobalSection
	GlobalSection(ExtensibilityGlobals) = postSolution
		SolutionGuid = {AB18660F-5803-4A81-9A05-9D1C5A80E585}
	EndGlobalSection
EndGlobal
